// !$*UTF8*$!
{
	archiveVersion = 1;
	classes = {
	};
	objectVersion = 50;
	objects = {

/* Begin PBXBuildFile section */
		3A6EF81E218B1BE10017F1E7 /* sun_kang.rtf in Resources */ = {isa = PBXBuildFile; fileRef = 3A6EF81D218B1BE10017F1E7 /* sun_kang.rtf */; };
		3A984C7A218B15B600D29ED9 /* AppDelegate.m in Sources */ = {isa = PBXBuildFile; fileRef = 3A984C79218B15B600D29ED9 /* AppDelegate.m */; };
		3A984C7D218B15B600D29ED9 /* ViewController.m in Sources */ = {isa = PBXBuildFile; fileRef = 3A984C7C218B15B600D29ED9 /* ViewController.m */; };
		3A984C80218B15B600D29ED9 /* Main.storyboard in Resources */ = {isa = PBXBuildFile; fileRef = 3A984C7E218B15B600D29ED9 /* Main.storyboard */; };
		3A984C82218B15B900D29ED9 /* Assets.xcassets in Resources */ = {isa = PBXBuildFile; fileRef = 3A984C81218B15B900D29ED9 /* Assets.xcassets */; };
		3A984C85218B15B900D29ED9 /* LaunchScreen.storyboard in Resources */ = {isa = PBXBuildFile; fileRef = 3A984C83218B15B900D29ED9 /* LaunchScreen.storyboard */; };
		3A984C88218B15B900D29ED9 /* main.m in Sources */ = {isa = PBXBuildFile; fileRef = 3A984C87218B15B900D29ED9 /* main.m */; };
		3A984C92218B15B900D29ED9 /* SMBTests.m in Sources */ = {isa = PBXBuildFile; fileRef = 3A984C91218B15B900D29ED9 /* SMBTests.m */; };
		3A984C9D218B15B900D29ED9 /* SMBUITests.m in Sources */ = {isa = PBXBuildFile; fileRef = 3A984C9C218B15B900D29ED9 /* SMBUITests.m */; };
		3A984CB9218B15E900D29ED9 /* libtasn1.a in Frameworks */ = {isa = PBXBuildFile; fileRef = 3A984CAB218B15E900D29ED9 /* libtasn1.a */; };
		3A984CBA218B15E900D29ED9 /* libdsm.a in Frameworks */ = {isa = PBXBuildFile; fileRef = 3A984CB8218B15E900D29ED9 /* libdsm.a */; };
		3A984CD3218B163A00D29ED9 /* TONetBIOSNameServiceEntry.m in Sources */ = {isa = PBXBuildFile; fileRef = 3A984CBC218B163900D29ED9 /* TONetBIOSNameServiceEntry.m */; };
		3A984CD4218B163A00D29ED9 /* TOSMBConstants.m in Sources */ = {isa = PBXBuildFile; fileRef = 3A984CBD218B163900D29ED9 /* TOSMBConstants.m */; };
		3A984CD5218B163A00D29ED9 /* TOSMBSessionUploadTask.m in Sources */ = {isa = PBXBuildFile; fileRef = 3A984CC0218B163900D29ED9 /* TOSMBSessionUploadTask.m */; };
		3A984CD6218B163A00D29ED9 /* TOSMBSessionTask.m in Sources */ = {isa = PBXBuildFile; fileRef = 3A984CC1218B163900D29ED9 /* TOSMBSessionTask.m */; };
		3A984CD7218B163A00D29ED9 /* TONetBIOSNameService.m in Sources */ = {isa = PBXBuildFile; fileRef = 3A984CC3218B163900D29ED9 /* TONetBIOSNameService.m */; };
		3A984CD8218B163A00D29ED9 /* TOSMBSessionDownloadTask.m in Sources */ = {isa = PBXBuildFile; fileRef = 3A984CC9218B163A00D29ED9 /* TOSMBSessionDownloadTask.m */; };
		3A984CD9218B163A00D29ED9 /* TOSMBSession.m in Sources */ = {isa = PBXBuildFile; fileRef = 3A984CCF218B163A00D29ED9 /* TOSMBSession.m */; };
		3A984CDA218B163A00D29ED9 /* TOSMBSessionFile.m in Sources */ = {isa = PBXBuildFile; fileRef = 3A984CD0218B163A00D29ED9 /* TOSMBSessionFile.m */; };
		3A984CDD218B182700D29ED9 /* libiconv.tbd in Frameworks */ = {isa = PBXBuildFile; fileRef = 3A984CDC218B182700D29ED9 /* libiconv.tbd */; };
/* End PBXBuildFile section */

/* Begin PBXContainerItemProxy section */
		3A984C8E218B15B900D29ED9 /* PBXContainerItemProxy */ = {
			isa = PBXContainerItemProxy;
			containerPortal = 3A984C6D218B15B600D29ED9 /* Project object */;
			proxyType = 1;
			remoteGlobalIDString = 3A984C74218B15B600D29ED9;
			remoteInfo = SMB;
		};
		3A984C99218B15B900D29ED9 /* PBXContainerItemProxy */ = {
			isa = PBXContainerItemProxy;
			containerPortal = 3A984C6D218B15B600D29ED9 /* Project object */;
			proxyType = 1;
			remoteGlobalIDString = 3A984C74218B15B600D29ED9;
			remoteInfo = SMB;
		};
/* End PBXContainerItemProxy section */

/* Begin PBXFileReference section */
		3A6EF81D218B1BE10017F1E7 /* sun_kang.rtf */ = {isa = PBXFileReference; fileEncoding = 4; lastKnownFileType = text.rtf; path = sun_kang.rtf; sourceTree = "<group>"; };
		3A984C75218B15B600D29ED9 /* SMB.app */ = {isa = PBXFileReference; explicitFileType = wrapper.application; includeInIndex = 0; path = SMB.app; sourceTree = BUILT_PRODUCTS_DIR; };
		3A984C78218B15B600D29ED9 /* AppDelegate.h */ = {isa = PBXFileReference; lastKnownFileType = sourcecode.c.h; path = AppDelegate.h; sourceTree = "<group>"; };
		3A984C79218B15B600D29ED9 /* AppDelegate.m */ = {isa = PBXFileReference; lastKnownFileType = sourcecode.c.objc; path = AppDelegate.m; sourceTree = "<group>"; };
		3A984C7B218B15B600D29ED9 /* ViewController.h */ = {isa = PBXFileReference; lastKnownFileType = sourcecode.c.h; path = ViewController.h; sourceTree = "<group>"; };
		3A984C7C218B15B600D29ED9 /* ViewController.m */ = {isa = PBXFileReference; lastKnownFileType = sourcecode.c.objc; path = ViewController.m; sourceTree = "<group>"; };
		3A984C7F218B15B600D29ED9 /* Base */ = {isa = PBXFileReference; lastKnownFileType = file.storyboard; name = Base; path = Base.lproj/Main.storyboard; sourceTree = "<group>"; };
		3A984C81218B15B900D29ED9 /* Assets.xcassets */ = {isa = PBXFileReference; lastKnownFileType = folder.assetcatalog; path = Assets.xcassets; sourceTree = "<group>"; };
		3A984C84218B15B900D29ED9 /* Base */ = {isa = PBXFileReference; lastKnownFileType = file.storyboard; name = Base; path = Base.lproj/LaunchScreen.storyboard; sourceTree = "<group>"; };
		3A984C86218B15B900D29ED9 /* Info.plist */ = {isa = PBXFileReference; lastKnownFileType = text.plist.xml; path = Info.plist; sourceTree = "<group>"; };
		3A984C87218B15B900D29ED9 /* main.m */ = {isa = PBXFileReference; lastKnownFileType = sourcecode.c.objc; path = main.m; sourceTree = "<group>"; };
		3A984C8D218B15B900D29ED9 /* SMBTests.xctest */ = {isa = PBXFileReference; explicitFileType = wrapper.cfbundle; includeInIndex = 0; path = SMBTests.xctest; sourceTree = BUILT_PRODUCTS_DIR; };
		3A984C91218B15B900D29ED9 /* SMBTests.m */ = {isa = PBXFileReference; lastKnownFileType = sourcecode.c.objc; path = SMBTests.m; sourceTree = "<group>"; };
		3A984C93218B15B900D29ED9 /* Info.plist */ = {isa = PBXFileReference; lastKnownFileType = text.plist.xml; path = Info.plist; sourceTree = "<group>"; };
		3A984C98218B15B900D29ED9 /* SMBUITests.xctest */ = {isa = PBXFileReference; explicitFileType = wrapper.cfbundle; includeInIndex = 0; path = SMBUITests.xctest; sourceTree = BUILT_PRODUCTS_DIR; };
		3A984C9C218B15B900D29ED9 /* SMBUITests.m */ = {isa = PBXFileReference; lastKnownFileType = sourcecode.c.objc; path = SMBUITests.m; sourceTree = "<group>"; };
		3A984C9E218B15B900D29ED9 /* Info.plist */ = {isa = PBXFileReference; lastKnownFileType = text.plist.xml; path = Info.plist; sourceTree = "<group>"; };
		3A984CAB218B15E900D29ED9 /* libtasn1.a */ = {isa = PBXFileReference; lastKnownFileType = archive.ar; path = libtasn1.a; sourceTree = "<group>"; };
		3A984CAD218B15E900D29ED9 /* smb_types.h */ = {isa = PBXFileReference; fileEncoding = 4; lastKnownFileType = sourcecode.c.h; path = smb_types.h; sourceTree = "<group>"; };
		3A984CAE218B15E900D29ED9 /* smb_file.h */ = {isa = PBXFileReference; fileEncoding = 4; lastKnownFileType = sourcecode.c.h; path = smb_file.h; sourceTree = "<group>"; };
		3A984CAF218B15E900D29ED9 /* libtasn1.h */ = {isa = PBXFileReference; fileEncoding = 4; lastKnownFileType = sourcecode.c.h; path = libtasn1.h; sourceTree = "<group>"; };
		3A984CB0218B15E900D29ED9 /* smb_stat.h */ = {isa = PBXFileReference; fileEncoding = 4; lastKnownFileType = sourcecode.c.h; path = smb_stat.h; sourceTree = "<group>"; };
		3A984CB1218B15E900D29ED9 /* netbios_defs.h */ = {isa = PBXFileReference; fileEncoding = 4; lastKnownFileType = sourcecode.c.h; path = netbios_defs.h; sourceTree = "<group>"; };
		3A984CB2218B15E900D29ED9 /* bdsm.h */ = {isa = PBXFileReference; fileEncoding = 4; lastKnownFileType = sourcecode.c.h; path = bdsm.h; sourceTree = "<group>"; };
		3A984CB3218B15E900D29ED9 /* smb_session.h */ = {isa = PBXFileReference; fileEncoding = 4; lastKnownFileType = sourcecode.c.h; path = smb_session.h; sourceTree = "<group>"; };
		3A984CB4218B15E900D29ED9 /* netbios_ns.h */ = {isa = PBXFileReference; fileEncoding = 4; lastKnownFileType = sourcecode.c.h; path = netbios_ns.h; sourceTree = "<group>"; };
		3A984CB5218B15E900D29ED9 /* smb_defs.h */ = {isa = PBXFileReference; fileEncoding = 4; lastKnownFileType = sourcecode.c.h; path = smb_defs.h; sourceTree = "<group>"; };
		3A984CB6218B15E900D29ED9 /* smb_share.h */ = {isa = PBXFileReference; fileEncoding = 4; lastKnownFileType = sourcecode.c.h; path = smb_share.h; sourceTree = "<group>"; };
		3A984CB7218B15E900D29ED9 /* smb_dir.h */ = {isa = PBXFileReference; fileEncoding = 4; lastKnownFileType = sourcecode.c.h; path = smb_dir.h; sourceTree = "<group>"; };
		3A984CB8218B15E900D29ED9 /* libdsm.a */ = {isa = PBXFileReference; lastKnownFileType = archive.ar; path = libdsm.a; sourceTree = "<group>"; };
		3A984CBC218B163900D29ED9 /* TONetBIOSNameServiceEntry.m */ = {isa = PBXFileReference; fileEncoding = 4; lastKnownFileType = sourcecode.c.objc; path = TONetBIOSNameServiceEntry.m; sourceTree = "<group>"; };
		3A984CBD218B163900D29ED9 /* TOSMBConstants.m */ = {isa = PBXFileReference; fileEncoding = 4; lastKnownFileType = sourcecode.c.objc; path = TOSMBConstants.m; sourceTree = "<group>"; };
		3A984CBE218B163900D29ED9 /* TOSMBSessionPrivate.h */ = {isa = PBXFileReference; fileEncoding = 4; lastKnownFileType = sourcecode.c.h; path = TOSMBSessionPrivate.h; sourceTree = "<group>"; };
		3A984CBF218B163900D29ED9 /* TOSMBSessionTaskPrivate.h */ = {isa = PBXFileReference; fileEncoding = 4; lastKnownFileType = sourcecode.c.h; path = TOSMBSessionTaskPrivate.h; sourceTree = "<group>"; };
		3A984CC0218B163900D29ED9 /* TOSMBSessionUploadTask.m */ = {isa = PBXFileReference; fileEncoding = 4; lastKnownFileType = sourcecode.c.objc; path = TOSMBSessionUploadTask.m; sourceTree = "<group>"; };
		3A984CC1218B163900D29ED9 /* TOSMBSessionTask.m */ = {isa = PBXFileReference; fileEncoding = 4; lastKnownFileType = sourcecode.c.objc; path = TOSMBSessionTask.m; sourceTree = "<group>"; };
		3A984CC2218B163900D29ED9 /* TONetBIOSNameServiceEntryPrivate.h */ = {isa = PBXFileReference; fileEncoding = 4; lastKnownFileType = sourcecode.c.h; path = TONetBIOSNameServiceEntryPrivate.h; sourceTree = "<group>"; };
		3A984CC3218B163900D29ED9 /* TONetBIOSNameService.m */ = {isa = PBXFileReference; fileEncoding = 4; lastKnownFileType = sourcecode.c.objc; path = TONetBIOSNameService.m; sourceTree = "<group>"; };
		3A984CC4218B163900D29ED9 /* TOSMBSessionUploadTaskPrivate.h */ = {isa = PBXFileReference; fileEncoding = 4; lastKnownFileType = sourcecode.c.h; path = TOSMBSessionUploadTaskPrivate.h; sourceTree = "<group>"; };
		3A984CC5218B163900D29ED9 /* TONetBIOSNameServiceEntry.h */ = {isa = PBXFileReference; fileEncoding = 4; lastKnownFileType = sourcecode.c.h; path = TONetBIOSNameServiceEntry.h; sourceTree = "<group>"; };
		3A984CC6218B163900D29ED9 /* TOSMBSessionFilePrivate.h */ = {isa = PBXFileReference; fileEncoding = 4; lastKnownFileType = sourcecode.c.h; path = TOSMBSessionFilePrivate.h; sourceTree = "<group>"; };
		3A984CC7218B163900D29ED9 /* TOSMBSessionTask.h */ = {isa = PBXFileReference; fileEncoding = 4; lastKnownFileType = sourcecode.c.h; path = TOSMBSessionTask.h; sourceTree = "<group>"; };
		3A984CC8218B163900D29ED9 /* TONetBIOSNameService.h */ = {isa = PBXFileReference; fileEncoding = 4; lastKnownFileType = sourcecode.c.h; path = TONetBIOSNameService.h; sourceTree = "<group>"; };
		3A984CC9218B163A00D29ED9 /* TOSMBSessionDownloadTask.m */ = {isa = PBXFileReference; fileEncoding = 4; lastKnownFileType = sourcecode.c.objc; path = TOSMBSessionDownloadTask.m; sourceTree = "<group>"; };
		3A984CCA218B163A00D29ED9 /* TOSMBSessionDownloadTask.h */ = {isa = PBXFileReference; fileEncoding = 4; lastKnownFileType = sourcecode.c.h; path = TOSMBSessionDownloadTask.h; sourceTree = "<group>"; };
		3A984CCB218B163A00D29ED9 /* TOSMBSessionUploadTask.h */ = {isa = PBXFileReference; fileEncoding = 4; lastKnownFileType = sourcecode.c.h; path = TOSMBSessionUploadTask.h; sourceTree = "<group>"; };
		3A984CCC218B163A00D29ED9 /* TOSMBSessionFile.h */ = {isa = PBXFileReference; fileEncoding = 4; lastKnownFileType = sourcecode.c.h; path = TOSMBSessionFile.h; sourceTree = "<group>"; };
		3A984CCD218B163A00D29ED9 /* TOSMBClient.h */ = {isa = PBXFileReference; fileEncoding = 4; lastKnownFileType = sourcecode.c.h; path = TOSMBClient.h; sourceTree = "<group>"; };
		3A984CCE218B163A00D29ED9 /* TOSMBSessionDownloadTaskPrivate.h */ = {isa = PBXFileReference; fileEncoding = 4; lastKnownFileType = sourcecode.c.h; path = TOSMBSessionDownloadTaskPrivate.h; sourceTree = "<group>"; };
		3A984CCF218B163A00D29ED9 /* TOSMBSession.m */ = {isa = PBXFileReference; fileEncoding = 4; lastKnownFileType = sourcecode.c.objc; path = TOSMBSession.m; sourceTree = "<group>"; };
		3A984CD0218B163A00D29ED9 /* TOSMBSessionFile.m */ = {isa = PBXFileReference; fileEncoding = 4; lastKnownFileType = sourcecode.c.objc; path = TOSMBSessionFile.m; sourceTree = "<group>"; };
		3A984CD1218B163A00D29ED9 /* TOSMBSession.h */ = {isa = PBXFileReference; fileEncoding = 4; lastKnownFileType = sourcecode.c.h; path = TOSMBSession.h; sourceTree = "<group>"; };
		3A984CD2218B163A00D29ED9 /* TOSMBConstants.h */ = {isa = PBXFileReference; fileEncoding = 4; lastKnownFileType = sourcecode.c.h; path = TOSMBConstants.h; sourceTree = "<group>"; };
		3A984CDC218B182700D29ED9 /* libiconv.tbd */ = {isa = PBXFileReference; lastKnownFileType = "sourcecode.text-based-dylib-definition"; name = libiconv.tbd; path = usr/lib/libiconv.tbd; sourceTree = SDKROOT; };
/* End PBXFileReference section */

/* Begin PBXFrameworksBuildPhase section */
		3A984C72218B15B600D29ED9 /* Frameworks */ = {
			isa = PBXFrameworksBuildPhase;
			buildActionMask = 2147483647;
			files = (
				3A984CDD218B182700D29ED9 /* libiconv.tbd in Frameworks */,
				3A984CBA218B15E900D29ED9 /* libdsm.a in Frameworks */,
				3A984CB9218B15E900D29ED9 /* libtasn1.a in Frameworks */,
			);
			runOnlyForDeploymentPostprocessing = 0;
		};
		3A984C8A218B15B900D29ED9 /* Frameworks */ = {
			isa = PBXFrameworksBuildPhase;
			buildActionMask = 2147483647;
			files = (
			);
			runOnlyForDeploymentPostprocessing = 0;
		};
		3A984C95218B15B900D29ED9 /* Frameworks */ = {
			isa = PBXFrameworksBuildPhase;
			buildActionMask = 2147483647;
			files = (
			);
			runOnlyForDeploymentPostprocessing = 0;
		};
/* End PBXFrameworksBuildPhase section */

/* Begin PBXGroup section */
		3A984C6C218B15B600D29ED9 = {
			isa = PBXGroup;
			children = (
				3A984C77218B15B600D29ED9 /* SMB */,
				3A984C90218B15B900D29ED9 /* SMBTests */,
				3A984C9B218B15B900D29ED9 /* SMBUITests */,
				3A984C76218B15B600D29ED9 /* Products */,
				3A984CDB218B182700D29ED9 /* Frameworks */,
			);
			sourceTree = "<group>";
		};
		3A984C76218B15B600D29ED9 /* Products */ = {
			isa = PBXGroup;
			children = (
				3A984C75218B15B600D29ED9 /* SMB.app */,
				3A984C8D218B15B900D29ED9 /* SMBTests.xctest */,
				3A984C98218B15B900D29ED9 /* SMBUITests.xctest */,
			);
			name = Products;
			sourceTree = "<group>";
		};
		3A984C77218B15B600D29ED9 /* SMB */ = {
			isa = PBXGroup;
			children = (
				3A984CBB218B160F00D29ED9 /* TOSMB */,
				3A984CAA218B15E900D29ED9 /* libdsm */,
				3A984C78218B15B600D29ED9 /* AppDelegate.h */,
				3A984C79218B15B600D29ED9 /* AppDelegate.m */,
				3A984C7B218B15B600D29ED9 /* ViewController.h */,
				3A984C7C218B15B600D29ED9 /* ViewController.m */,
				3A984C7E218B15B600D29ED9 /* Main.storyboard */,
				3A6EF81D218B1BE10017F1E7 /* sun_kang.rtf */,
				3A984C81218B15B900D29ED9 /* Assets.xcassets */,
				3A984C83218B15B900D29ED9 /* LaunchScreen.storyboard */,
				3A984C86218B15B900D29ED9 /* Info.plist */,
				3A984C87218B15B900D29ED9 /* main.m */,
			);
			path = SMB;
			sourceTree = "<group>";
		};
		3A984C90218B15B900D29ED9 /* SMBTests */ = {
			isa = PBXGroup;
			children = (
				3A984C91218B15B900D29ED9 /* SMBTests.m */,
				3A984C93218B15B900D29ED9 /* Info.plist */,
			);
			path = SMBTests;
			sourceTree = "<group>";
		};
		3A984C9B218B15B900D29ED9 /* SMBUITests */ = {
			isa = PBXGroup;
			children = (
				3A984C9C218B15B900D29ED9 /* SMBUITests.m */,
				3A984C9E218B15B900D29ED9 /* Info.plist */,
			);
			path = SMBUITests;
			sourceTree = "<group>";
		};
		3A984CAA218B15E900D29ED9 /* libdsm */ = {
			isa = PBXGroup;
			children = (
				3A984CAB218B15E900D29ED9 /* libtasn1.a */,
				3A984CAC218B15E900D29ED9 /* bdsm */,
				3A984CB8218B15E900D29ED9 /* libdsm.a */,
			);
			path = libdsm;
			sourceTree = "<group>";
		};
		3A984CAC218B15E900D29ED9 /* bdsm */ = {
			isa = PBXGroup;
			children = (
				3A984CAD218B15E900D29ED9 /* smb_types.h */,
				3A984CAE218B15E900D29ED9 /* smb_file.h */,
				3A984CAF218B15E900D29ED9 /* libtasn1.h */,
				3A984CB0218B15E900D29ED9 /* smb_stat.h */,
				3A984CB1218B15E900D29ED9 /* netbios_defs.h */,
				3A984CB2218B15E900D29ED9 /* bdsm.h */,
				3A984CB3218B15E900D29ED9 /* smb_session.h */,
				3A984CB4218B15E900D29ED9 /* netbios_ns.h */,
				3A984CB5218B15E900D29ED9 /* smb_defs.h */,
				3A984CB6218B15E900D29ED9 /* smb_share.h */,
				3A984CB7218B15E900D29ED9 /* smb_dir.h */,
			);
			path = bdsm;
			sourceTree = "<group>";
		};
		3A984CBB218B160F00D29ED9 /* TOSMB */ = {
			isa = PBXGroup;
			children = (
				3A984CCD218B163A00D29ED9 /* TOSMBClient.h */,
				3A984CD2218B163A00D29ED9 /* TOSMBConstants.h */,
				3A984CBD218B163900D29ED9 /* TOSMBConstants.m */,
				3A984CC8218B163900D29ED9 /* TONetBIOSNameService.h */,
				3A984CC3218B163900D29ED9 /* TONetBIOSNameService.m */,
				3A984CC5218B163900D29ED9 /* TONetBIOSNameServiceEntry.h */,
				3A984CBC218B163900D29ED9 /* TONetBIOSNameServiceEntry.m */,
				3A984CC2218B163900D29ED9 /* TONetBIOSNameServiceEntryPrivate.h */,
				3A984CD1218B163A00D29ED9 /* TOSMBSession.h */,
				3A984CCF218B163A00D29ED9 /* TOSMBSession.m */,
				3A984CBE218B163900D29ED9 /* TOSMBSessionPrivate.h */,
				3A984CCC218B163A00D29ED9 /* TOSMBSessionFile.h */,
				3A984CD0218B163A00D29ED9 /* TOSMBSessionFile.m */,
				3A984CC6218B163900D29ED9 /* TOSMBSessionFilePrivate.h */,
				3A984CC7218B163900D29ED9 /* TOSMBSessionTask.h */,
				3A984CC1218B163900D29ED9 /* TOSMBSessionTask.m */,
				3A984CBF218B163900D29ED9 /* TOSMBSessionTaskPrivate.h */,
				3A984CCA218B163A00D29ED9 /* TOSMBSessionDownloadTask.h */,
				3A984CC9218B163A00D29ED9 /* TOSMBSessionDownloadTask.m */,
				3A984CCE218B163A00D29ED9 /* TOSMBSessionDownloadTaskPrivate.h */,
				3A984CCB218B163A00D29ED9 /* TOSMBSessionUploadTask.h */,
				3A984CC0218B163900D29ED9 /* TOSMBSessionUploadTask.m */,
				3A984CC4218B163900D29ED9 /* TOSMBSessionUploadTaskPrivate.h */,
			);
			path = TOSMB;
			sourceTree = "<group>";
		};
		3A984CDB218B182700D29ED9 /* Frameworks */ = {
			isa = PBXGroup;
			children = (
				3A984CDC218B182700D29ED9 /* libiconv.tbd */,
			);
			name = Frameworks;
			sourceTree = "<group>";
		};
/* End PBXGroup section */

/* Begin PBXNativeTarget section */
		3A984C74218B15B600D29ED9 /* SMB */ = {
			isa = PBXNativeTarget;
			buildConfigurationList = 3A984CA1218B15B900D29ED9 /* Build configuration list for PBXNativeTarget "SMB" */;
			buildPhases = (
				3A984C71218B15B600D29ED9 /* Sources */,
				3A984C72218B15B600D29ED9 /* Frameworks */,
				3A984C73218B15B600D29ED9 /* Resources */,
			);
			buildRules = (
			);
			dependencies = (
			);
			name = SMB;
			productName = SMB;
			productReference = 3A984C75218B15B600D29ED9 /* SMB.app */;
			productType = "com.apple.product-type.application";
		};
		3A984C8C218B15B900D29ED9 /* SMBTests */ = {
			isa = PBXNativeTarget;
			buildConfigurationList = 3A984CA4218B15B900D29ED9 /* Build configuration list for PBXNativeTarget "SMBTests" */;
			buildPhases = (
				3A984C89218B15B900D29ED9 /* Sources */,
				3A984C8A218B15B900D29ED9 /* Frameworks */,
				3A984C8B218B15B900D29ED9 /* Resources */,
			);
			buildRules = (
			);
			dependencies = (
				3A984C8F218B15B900D29ED9 /* PBXTargetDependency */,
			);
			name = SMBTests;
			productName = SMBTests;
			productReference = 3A984C8D218B15B900D29ED9 /* SMBTests.xctest */;
			productType = "com.apple.product-type.bundle.unit-test";
		};
		3A984C97218B15B900D29ED9 /* SMBUITests */ = {
			isa = PBXNativeTarget;
			buildConfigurationList = 3A984CA7218B15B900D29ED9 /* Build configuration list for PBXNativeTarget "SMBUITests" */;
			buildPhases = (
				3A984C94218B15B900D29ED9 /* Sources */,
				3A984C95218B15B900D29ED9 /* Frameworks */,
				3A984C96218B15B900D29ED9 /* Resources */,
			);
			buildRules = (
			);
			dependencies = (
				3A984C9A218B15B900D29ED9 /* PBXTargetDependency */,
			);
			name = SMBUITests;
			productName = SMBUITests;
			productReference = 3A984C98218B15B900D29ED9 /* SMBUITests.xctest */;
			productType = "com.apple.product-type.bundle.ui-testing";
		};
/* End PBXNativeTarget section */

/* Begin PBXProject section */
		3A984C6D218B15B600D29ED9 /* Project object */ = {
			isa = PBXProject;
			attributes = {
				LastUpgradeCheck = 1000;
				ORGANIZATIONNAME = sunkang;
				TargetAttributes = {
					3A984C74218B15B600D29ED9 = {
						CreatedOnToolsVersion = 10.0;
					};
					3A984C8C218B15B900D29ED9 = {
						CreatedOnToolsVersion = 10.0;
						TestTargetID = 3A984C74218B15B600D29ED9;
					};
					3A984C97218B15B900D29ED9 = {
						CreatedOnToolsVersion = 10.0;
						TestTargetID = 3A984C74218B15B600D29ED9;
					};
				};
			};
			buildConfigurationList = 3A984C70218B15B600D29ED9 /* Build configuration list for PBXProject "SMB" */;
			compatibilityVersion = "Xcode 9.3";
			developmentRegion = en;
			hasScannedForEncodings = 0;
			knownRegions = (
				en,
				Base,
			);
			mainGroup = 3A984C6C218B15B600D29ED9;
			productRefGroup = 3A984C76218B15B600D29ED9 /* Products */;
			projectDirPath = "";
			projectRoot = "";
			targets = (
				3A984C74218B15B600D29ED9 /* SMB */,
				3A984C8C218B15B900D29ED9 /* SMBTests */,
				3A984C97218B15B900D29ED9 /* SMBUITests */,
			);
		};
/* End PBXProject section */

/* Begin PBXResourcesBuildPhase section */
		3A984C73218B15B600D29ED9 /* Resources */ = {
			isa = PBXResourcesBuildPhase;
			buildActionMask = 2147483647;
			files = (
				3A6EF81E218B1BE10017F1E7 /* sun_kang.rtf in Resources */,
				3A984C85218B15B900D29ED9 /* LaunchScreen.storyboard in Resources */,
				3A984C82218B15B900D29ED9 /* Assets.xcassets in Resources */,
				3A984C80218B15B600D29ED9 /* Main.storyboard in Resources */,
			);
			runOnlyForDeploymentPostprocessing = 0;
		};
		3A984C8B218B15B900D29ED9 /* Resources */ = {
			isa = PBXResourcesBuildPhase;
			buildActionMask = 2147483647;
			files = (
			);
			runOnlyForDeploymentPostprocessing = 0;
		};
		3A984C96218B15B900D29ED9 /* Resources */ = {
			isa = PBXResourcesBuildPhase;
			buildActionMask = 2147483647;
			files = (
			);
			runOnlyForDeploymentPostprocessing = 0;
		};
/* End PBXResourcesBuildPhase section */

/* Begin PBXSourcesBuildPhase section */
		3A984C71218B15B600D29ED9 /* Sources */ = {
			isa = PBXSourcesBuildPhase;
			buildActionMask = 2147483647;
			files = (
				3A984C7D218B15B600D29ED9 /* ViewController.m in Sources */,
				3A984CDA218B163A00D29ED9 /* TOSMBSessionFile.m in Sources */,
				3A984CD3218B163A00D29ED9 /* TONetBIOSNameServiceEntry.m in Sources */,
				3A984CD7218B163A00D29ED9 /* TONetBIOSNameService.m in Sources */,
				3A984CD4218B163A00D29ED9 /* TOSMBConstants.m in Sources */,
				3A984C88218B15B900D29ED9 /* main.m in Sources */,
				3A984CD6218B163A00D29ED9 /* TOSMBSessionTask.m in Sources */,
				3A984CD5218B163A00D29ED9 /* TOSMBSessionUploadTask.m in Sources */,
				3A984CD8218B163A00D29ED9 /* TOSMBSessionDownloadTask.m in Sources */,
				3A984CD9218B163A00D29ED9 /* TOSMBSession.m in Sources */,
				3A984C7A218B15B600D29ED9 /* AppDelegate.m in Sources */,
			);
			runOnlyForDeploymentPostprocessing = 0;
		};
		3A984C89218B15B900D29ED9 /* Sources */ = {
			isa = PBXSourcesBuildPhase;
			buildActionMask = 2147483647;
			files = (
				3A984C92218B15B900D29ED9 /* SMBTests.m in Sources */,
			);
			runOnlyForDeploymentPostprocessing = 0;
		};
		3A984C94218B15B900D29ED9 /* Sources */ = {
			isa = PBXSourcesBuildPhase;
			buildActionMask = 2147483647;
			files = (
				3A984C9D218B15B900D29ED9 /* SMBUITests.m in Sources */,
			);
			runOnlyForDeploymentPostprocessing = 0;
		};
/* End PBXSourcesBuildPhase section */

/* Begin PBXTargetDependency section */
		3A984C8F218B15B900D29ED9 /* PBXTargetDependency */ = {
			isa = PBXTargetDependency;
			target = 3A984C74218B15B600D29ED9 /* SMB */;
			targetProxy = 3A984C8E218B15B900D29ED9 /* PBXContainerItemProxy */;
		};
		3A984C9A218B15B900D29ED9 /* PBXTargetDependency */ = {
			isa = PBXTargetDependency;
			target = 3A984C74218B15B600D29ED9 /* SMB */;
			targetProxy = 3A984C99218B15B900D29ED9 /* PBXContainerItemProxy */;
		};
/* End PBXTargetDependency section */

/* Begin PBXVariantGroup section */
		3A984C7E218B15B600D29ED9 /* Main.storyboard */ = {
			isa = PBXVariantGroup;
			children = (
				3A984C7F218B15B600D29ED9 /* Base */,
			);
			name = Main.storyboard;
			sourceTree = "<group>";
		};
		3A984C83218B15B900D29ED9 /* LaunchScreen.storyboard */ = {
			isa = PBXVariantGroup;
			children = (
				3A984C84218B15B900D29ED9 /* Base */,
			);
			name = LaunchScreen.storyboard;
			sourceTree = "<group>";
		};
/* End PBXVariantGroup section */

/* Begin XCBuildConfiguration section */
		3A984C9F218B15B900D29ED9 /* Debug */ = {
			isa = XCBuildConfiguration;
			buildSettings = {
				ALWAYS_SEARCH_USER_PATHS = NO;
				CLANG_ANALYZER_NONNULL = YES;
				CLANG_ANALYZER_NUMBER_OBJECT_CONVERSION = YES_AGGRESSIVE;
				CLANG_CXX_LANGUAGE_STANDARD = "gnu++14";
				CLANG_CXX_LIBRARY = "libc++";
				CLANG_ENABLE_MODULES = YES;
				CLANG_ENABLE_OBJC_ARC = YES;
				CLANG_ENABLE_OBJC_WEAK = YES;
				CLANG_WARN_BLOCK_CAPTURE_AUTORELEASING = YES;
				CLANG_WARN_BOOL_CONVERSION = YES;
				CLANG_WARN_COMMA = YES;
				CLANG_WARN_CONSTANT_CONVERSION = YES;
				CLANG_WARN_DEPRECATED_OBJC_IMPLEMENTATIONS = YES;
				CLANG_WARN_DIRECT_OBJC_ISA_USAGE = YES_ERROR;
				CLANG_WARN_DOCUMENTATION_COMMENTS = YES;
				CLANG_WARN_EMPTY_BODY = YES;
				CLANG_WARN_ENUM_CONVERSION = YES;
				CLANG_WARN_INFINITE_RECURSION = YES;
				CLANG_WARN_INT_CONVERSION = YES;
				CLANG_WARN_NON_LITERAL_NULL_CONVERSION = YES;
				CLANG_WARN_OBJC_IMPLICIT_RETAIN_SELF = YES;
				CLANG_WARN_OBJC_LITERAL_CONVERSION = YES;
				CLANG_WARN_OBJC_ROOT_CLASS = YES_ERROR;
				CLANG_WARN_RANGE_LOOP_ANALYSIS = YES;
				CLANG_WARN_STRICT_PROTOTYPES = YES;
				CLANG_WARN_SUSPICIOUS_MOVE = YES;
				CLANG_WARN_UNGUARDED_AVAILABILITY = YES_AGGRESSIVE;
				CLANG_WARN_UNREACHABLE_CODE = YES;
				CLANG_WARN__DUPLICATE_METHOD_MATCH = YES;
				CODE_SIGN_IDENTITY = "iPhone Developer";
				COPY_PHASE_STRIP = NO;
				DEBUG_INFORMATION_FORMAT = dwarf;
				ENABLE_STRICT_OBJC_MSGSEND = YES;
				ENABLE_TESTABILITY = YES;
				GCC_C_LANGUAGE_STANDARD = gnu11;
				GCC_DYNAMIC_NO_PIC = NO;
				GCC_NO_COMMON_BLOCKS = YES;
				GCC_OPTIMIZATION_LEVEL = 0;
				GCC_PREPROCESSOR_DEFINITIONS = (
					"DEBUG=1",
					"$(inherited)",
				);
				GCC_WARN_64_TO_32_BIT_CONVERSION = YES;
				GCC_WARN_ABOUT_RETURN_TYPE = YES_ERROR;
				GCC_WARN_UNDECLARED_SELECTOR = YES;
				GCC_WARN_UNINITIALIZED_AUTOS = YES_AGGRESSIVE;
				GCC_WARN_UNUSED_FUNCTION = YES;
				GCC_WARN_UNUSED_VARIABLE = YES;
				IPHONEOS_DEPLOYMENT_TARGET = 12.0;
				MTL_ENABLE_DEBUG_INFO = INCLUDE_SOURCE;
				MTL_FAST_MATH = YES;
				ONLY_ACTIVE_ARCH = YES;
				SDKROOT = iphoneos;
			};
			name = Debug;
		};
		3A984CA0218B15B900D29ED9 /* Release */ = {
			isa = XCBuildConfiguration;
			buildSettings = {
				ALWAYS_SEARCH_USER_PATHS = NO;
				CLANG_ANALYZER_NONNULL = YES;
				CLANG_ANALYZER_NUMBER_OBJECT_CONVERSION = YES_AGGRESSIVE;
				CLANG_CXX_LANGUAGE_STANDARD = "gnu++14";
				CLANG_CXX_LIBRARY = "libc++";
				CLANG_ENABLE_MODULES = YES;
				CLANG_ENABLE_OBJC_ARC = YES;
				CLANG_ENABLE_OBJC_WEAK = YES;
				CLANG_WARN_BLOCK_CAPTURE_AUTORELEASING = YES;
				CLANG_WARN_BOOL_CONVERSION = YES;
				CLANG_WARN_COMMA = YES;
				CLANG_WARN_CONSTANT_CONVERSION = YES;
				CLANG_WARN_DEPRECATED_OBJC_IMPLEMENTATIONS = YES;
				CLANG_WARN_DIRECT_OBJC_ISA_USAGE = YES_ERROR;
				CLANG_WARN_DOCUMENTATION_COMMENTS = YES;
				CLANG_WARN_EMPTY_BODY = YES;
				CLANG_WARN_ENUM_CONVERSION = YES;
				CLANG_WARN_INFINITE_RECURSION = YES;
				CLANG_WARN_INT_CONVERSION = YES;
				CLANG_WARN_NON_LITERAL_NULL_CONVERSION = YES;
				CLANG_WARN_OBJC_IMPLICIT_RETAIN_SELF = YES;
				CLANG_WARN_OBJC_LITERAL_CONVERSION = YES;
				CLANG_WARN_OBJC_ROOT_CLASS = YES_ERROR;
				CLANG_WARN_RANGE_LOOP_ANALYSIS = YES;
				CLANG_WARN_STRICT_PROTOTYPES = YES;
				CLANG_WARN_SUSPICIOUS_MOVE = YES;
				CLANG_WARN_UNGUARDED_AVAILABILITY = YES_AGGRESSIVE;
				CLANG_WARN_UNREACHABLE_CODE = YES;
				CLANG_WARN__DUPLICATE_METHOD_MATCH = YES;
				CODE_SIGN_IDENTITY = "iPhone Developer";
				COPY_PHASE_STRIP = NO;
				DEBUG_INFORMATION_FORMAT = "dwarf-with-dsym";
				ENABLE_NS_ASSERTIONS = NO;
				ENABLE_STRICT_OBJC_MSGSEND = YES;
				GCC_C_LANGUAGE_STANDARD = gnu11;
				GCC_NO_COMMON_BLOCKS = YES;
				GCC_WARN_64_TO_32_BIT_CONVERSION = YES;
				GCC_WARN_ABOUT_RETURN_TYPE = YES_ERROR;
				GCC_WARN_UNDECLARED_SELECTOR = YES;
				GCC_WARN_UNINITIALIZED_AUTOS = YES_AGGRESSIVE;
				GCC_WARN_UNUSED_FUNCTION = YES;
				GCC_WARN_UNUSED_VARIABLE = YES;
				IPHONEOS_DEPLOYMENT_TARGET = 12.0;
				MTL_ENABLE_DEBUG_INFO = NO;
				MTL_FAST_MATH = YES;
				SDKROOT = iphoneos;
				VALIDATE_PRODUCT = YES;
			};
			name = Release;
		};
		3A984CA2218B15B900D29ED9 /* Debug */ = {
			isa = XCBuildConfiguration;
			buildSettings = {
				ASSETCATALOG_COMPILER_APPICON_NAME = AppIcon;
				CODE_SIGN_STYLE = Automatic;
				DEVELOPMENT_TEAM = 5GY9CLFW78;
				INFOPLIST_FILE = SMB/Info.plist;
				LD_RUNPATH_SEARCH_PATHS = (
					"$(inherited)",
					"@executable_path/Frameworks",
				);
				LIBRARY_SEARCH_PATHS = (
					"$(inherited)",
					"$(PROJECT_DIR)/SMB/libdsm",
				);
				PRODUCT_BUNDLE_IDENTIFIER = com.pospi.dtdt;
				PRODUCT_NAME = "$(TARGET_NAME)";
				TARGETED_DEVICE_FAMILY = "1,2";
			};
			name = Debug;
		};
		3A984CA3218B15B900D29ED9 /* Release */ = {
			isa = XCBuildConfiguration;
			buildSettings = {
				ASSETCATALOG_COMPILER_APPICON_NAME = AppIcon;
				CODE_SIGN_STYLE = Automatic;
				DEVELOPMENT_TEAM = 5GY9CLFW78;
				INFOPLIST_FILE = SMB/Info.plist;
				LD_RUNPATH_SEARCH_PATHS = (
					"$(inherited)",
					"@executable_path/Frameworks",
				);
				LIBRARY_SEARCH_PATHS = (
					"$(inherited)",
					"$(PROJECT_DIR)/SMB/libdsm",
				);
				PRODUCT_BUNDLE_IDENTIFIER = com.pospi.dtdt;
				PRODUCT_NAME = "$(TARGET_NAME)";
				TARGETED_DEVICE_FAMILY = "1,2";
			};
			name = Release;
		};
		3A984CA5218B15B900D29ED9 /* Debug */ = {
			isa = XCBuildConfiguration;
			buildSettings = {
				BUNDLE_LOADER = "$(TEST_HOST)";
				CODE_SIGN_STYLE = Automatic;
				DEVELOPMENT_TEAM = 27GYUPJP9P;
				INFOPLIST_FILE = SMBTests/Info.plist;
				LD_RUNPATH_SEARCH_PATHS = (
					"$(inherited)",
					"@executable_path/Frameworks",
					"@loader_path/Frameworks",
				);
				PRODUCT_BUNDLE_IDENTIFIER = com.pospi.SMBTests;
				PRODUCT_NAME = "$(TARGET_NAME)";
				TARGETED_DEVICE_FAMILY = "1,2";
				TEST_HOST = "$(BUILT_PRODUCTS_DIR)/SMB.app/SMB";
			};
			name = Debug;
		};
		3A984CA6218B15B900D29ED9 /* Release */ = {
			isa = XCBuildConfiguration;
			buildSettings = {
				BUNDLE_LOADER = "$(TEST_HOST)";
				CODE_SIGN_STYLE = Automatic;
				DEVELOPMENT_TEAM = 27GYUPJP9P;
				INFOPLIST_FILE = SMBTests/Info.plist;
				LD_RUNPATH_SEARCH_PATHS = (
					"$(inherited)",
					"@executable_path/Frameworks",
					"@loader_path/Frameworks",
				);
				PRODUCT_BUNDLE_IDENTIFIER = com.pospi.SMBTests;
				PRODUCT_NAME = "$(TARGET_NAME)";
				TARGETED_DEVICE_FAMILY = "1,2";
				TEST_HOST = "$(BUILT_PRODUCTS_DIR)/SMB.app/SMB";
			};
			name = Release;
		};
		3A984CA8218B15B900D29ED9 /* Debug */ = {
			isa = XCBuildConfiguration;
			buildSettings = {
				CODE_SIGN_STYLE = Automatic;
				DEVELOPMENT_TEAM = 27GYUPJP9P;
				INFOPLIST_FILE = SMBUITests/Info.plist;
				LD_RUNPATH_SEARCH_PATHS = (
					"$(inherited)",
					"@executable_path/Frameworks",
					"@loader_path/Frameworks",
				);
				PRODUCT_BUNDLE_IDENTIFIER = com.pospi.SMBUITests;
				PRODUCT_NAME = "$(TARGET_NAME)";
				TARGETED_DEVICE_FAMILY = "1,2";
				TEST_TARGET_NAME = SMB;
			};
			name = Debug;
		};
		3A984CA9218B15B900D29ED9 /* Release */ = {
			isa = XCBuildConfiguration;
			buildSettings = {
				CODE_SIGN_STYLE = Automatic;
				DEVELOPMENT_TEAM = 27GYUPJP9P;
				INFOPLIST_FILE = SMBUITests/Info.plist;
				LD_RUNPATH_SEARCH_PATHS = (
					"$(inherited)",
					"@executable_path/Frameworks",
					"@loader_path/Frameworks",
				);
				PRODUCT_BUNDLE_IDENTIFIER = com.pospi.SMBUITests;
				PRODUCT_NAME = "$(TARGET_NAME)";
				TARGETED_DEVICE_FAMILY = "1,2";
				TEST_TARGET_NAME = SMB;
			};
			name = Release;
		};
/* End XCBuildConfiguration section */

/* Begin XCConfigurationList section */
		3A984C70218B15B600D29ED9 /* Build configuration list for PBXProject "SMB" */ = {
			isa = XCConfigurationList;
			buildConfigurations = (
				3A984C9F218B15B900D29ED9 /* Debug */,
				3A984CA0218B15B900D29ED9 /* Release */,
			);
			defaultConfigurationIsVisible = 0;
			defaultConfigurationName = Release;
		};
		3A984CA1218B15B900D29ED9 /* Build configuration list for PBXNativeTarget "SMB" */ = {
			isa = XCConfigurationList;
			buildConfigurations = (
				3A984CA2218B15B900D29ED9 /* Debug */,
				3A984CA3218B15B900D29ED9 /* Release */,
			);
			defaultConfigurationIsVisible = 0;
			defaultConfigurationName = Release;
		};
		3A984CA4218B15B900D29ED9 /* Build configuration list for PBXNativeTarget "SMBTests" */ = {
			isa = XCConfigurationList;
			buildConfigurations = (
				3A984CA5218B15B900D29ED9 /* Debug */,
				3A984CA6218B15B900D29ED9 /* Release */,
			);
			defaultConfigurationIsVisible = 0;
			defaultConfigurationName = Release;
		};
		3A984CA7218B15B900D29ED9 /* Build configuration list for PBXNativeTarget "SMBUITests" */ = {
			isa = XCConfigurationList;
			buildConfigurations = (
				3A984CA8218B15B900D29ED9 /* Debug */,
				3A984CA9218B15B900D29ED9 /* Release */,
			);
			defaultConfigurationIsVisible = 0;
			defaultConfigurationName = Release;
		};
/* End XCConfigurationList section */
	};
	rootObject = 3A984C6D218B15B600D29ED9 /* Project object */;
}
